
Microsoft Visual Studio Solution File, Format Version 12.00
# Visual Studio Version 16
VisualStudioVersion = 16.0.31729.503
MinimumVisualStudioVersion = 10.0.40219.1
Project("{FAE04EC0-301F-11D3-BF4B-00C04F79EFBC}") = "task-month", "task-month\task-month.csproj", "{092D04EE-649E-47B6-A390-57863D4EEE7C}"
EndProject
Global
	GlobalSection(SolutionConfigurationPlatforms) = preSolution
		Debug|Any CPU = Debug|Any CPU
		Release|Any CPU = Release|Any CPU
	EndGlobalSection
	GlobalSection(ProjectConfigurationPlatforms) = postSolution
		{092D04EE-649E-47B6-A390-57863D4EEE7C}.Debug|Any CPU.ActiveCfg = Debug|Any CPU
		{092D04EE-649E-47B6-A390-57863D4EEE7C}.Debug|Any CPU.Build.0 = Debug|Any CPU
		{092D04EE-649E-47B6-A390-57863D4EEE7C}.Release|Any CPU.ActiveCfg = Release|Any CPU
		{092D04EE-649E-47B6-A390-57863D4EEE7C}.Release|Any CPU.Build.0 = Release|Any CPU
	EndGlobalSection
	GlobalSection(SolutionProperties) = preSolution
		HideSolutionNode = FALSE
	EndGlobalSection
	GlobalSection(ExtensibilityGlobals) = postSolution
		SolutionGuid = {0F8CED7E-D409-4DB8-8FB9-F5E6A57F6E39}
	EndGlobalSection
EndGlobal
